{
  "name": "nextjs-strapi-boilerplate",
  "version": "1.0.0",
  "lockfileVersion": 3,
  "requires": true,
  "packages": {
    "": {
      "name": "nextjs-strapi-boilerplate",
      "version": "1.0.0",
      "license": "ISC",
      "devDependencies": {
        "husky": "^9.0.11",
        "prettier": "^3.3.2",
        "prettier-plugin-tailwindcss": "^0.6.5",
        "turbo": "^2.0.11"
      }
    },
    "node_modules/husky": {
      "version": "9.1.2",
      "dev": true,
      "license": "MIT",
      "bin": {
        "husky": "bin.js"
      },
      "engines": {
        "node": ">=18"
      },
      "funding": {
        "url": "https://github.com/sponsors/typicode"
      }
    },
    "node_modules/prettier": {
      "version": "3.3.3",
      "dev": true,
      "license": "MIT",
      "bin": {
        "prettier": "bin/prettier.cjs"
      },
      "engines": {
        "node": ">=14"
      },
      "funding": {
        "url": "https://github.com/prettier/prettier?sponsor=1"
      }
    },
    "node_modules/prettier-plugin-tailwindcss": {
      "version": "0.6.5",
      "dev": true,
      "license": "MIT",
      "engines": {
        "node": ">=14.21.3"
      },
      "peerDependencies": {
        "@ianvs/prettier-plugin-sort-imports": "*",
        "@prettier/plugin-pug": "*",
        "@shopify/prettier-plugin-liquid": "*",
        "@trivago/prettier-plugin-sort-imports": "*",
        "@zackad/prettier-plugin-twig-melody": "*",
        "prettier": "^3.0",
        "prettier-plugin-astro": "*",
        "prettier-plugin-css-order": "*",
        "prettier-plugin-import-sort": "*",
        "prettier-plugin-jsdoc": "*",
        "prettier-plugin-marko": "*",
        "prettier-plugin-organize-attributes": "*",
        "prettier-plugin-organize-imports": "*",
        "prettier-plugin-sort-imports": "*",
        "prettier-plugin-style-order": "*",
        "prettier-plugin-svelte": "*"
      },
      "peerDependenciesMeta": {
        "@ianvs/prettier-plugin-sort-imports": {
          "optional": true
        },
        "@prettier/plugin-pug": {
          "optional": true
        },
        "@shopify/prettier-plugin-liquid": {
          "optional": true
        },
        "@trivago/prettier-plugin-sort-imports": {
          "optional": true
        },
        "@zackad/prettier-plugin-twig-melody": {
          "optional": true
        },
        "prettier-plugin-astro": {
          "optional": true
        },
        "prettier-plugin-css-order": {
          "optional": true
        },
        "prettier-plugin-import-sort": {
          "optional": true
        },
        "prettier-plugin-jsdoc": {
          "optional": true
        },
        "prettier-plugin-marko": {
          "optional": true
        },
        "prettier-plugin-organize-attributes": {
          "optional": true
        },
        "prettier-plugin-organize-imports": {
          "optional": true
        },
        "prettier-plugin-sort-imports": {
          "optional": true
        },
        "prettier-plugin-style-order": {
          "optional": true
        },
        "prettier-plugin-svelte": {
          "optional": true
        }
      }
    },
    "node_modules/turbo": {
      "version": "2.0.11",
      "resolved": "https://registry.npmjs.org/turbo/-/turbo-2.0.11.tgz",
      "integrity": "sha512-imDlFFAvitbCm1JtDFJ6eG882qwxHUmVT2noPb3p2jq5o5DuXOchMbkVS9kUeC3/4WpY5N0GBZ3RvqNyjHZw1Q==",
      "dev": true,
      "license": "MIT",
      "bin": {
        "turbo": "bin/turbo"
      },
      "optionalDependencies": {
        "turbo-darwin-64": "2.0.11",
        "turbo-darwin-arm64": "2.0.11",
        "turbo-linux-64": "2.0.11",
        "turbo-linux-arm64": "2.0.11",
        "turbo-windows-64": "2.0.11",
        "turbo-windows-arm64": "2.0.11"
      }
    },
    "node_modules/turbo-darwin-64": {
      "version": "2.0.11",
      "resolved": "https://registry.npmjs.org/turbo-darwin-64/-/turbo-darwin-64-2.0.11.tgz",
      "integrity": "sha512-YlHEEhcm+jI1BSZoLugGHUWDfRXaNaQIv7tGQBfadYjo9kixBnqoTOU6s1ubOrQMID+lizZZQs79GXwqM6vohg==",
      "cpu": [
        "x64"
      ],
      "dev": true,
      "license": "MIT",
      "optional": true,
      "os": [
        "darwin"
      ]
    },
    "node_modules/turbo-darwin-arm64": {
      "version": "2.0.11",
      "resolved": "https://registry.npmjs.org/turbo-darwin-arm64/-/turbo-darwin-arm64-2.0.11.tgz",
      "integrity": "sha512-K/YW+hWzRQ/wGmtffxllH4M1tgy8OlwgXODrIiAGzkSpZl9+pIsem/F86UULlhsIeavBYK/LS5+dzV3DPMjJ9w==",
      "cpu": [
        "arm64"
      ],
      "dev": true,
      "license": "MIT",
      "optional": true,
      "os": [
        "darwin"
      ]
    },
    "node_modules/turbo-linux-64": {
      "version": "2.0.11",
      "resolved": "https://registry.npmjs.org/turbo-linux-64/-/turbo-linux-64-2.0.11.tgz",
      "integrity": "sha512-mv8CwGP06UPweMh1Vlp6PI6OWnkuibxfIJ4Vlof7xqjohAaZU5FLqeOeHkjQflH/6YrCVuS9wrK0TFOu+meTtA==",
      "cpu": [
        "x64"
      ],
      "dev": true,
      "license": "MIT",
      "optional": true,
      "os": [
        "linux"
      ]
    },
    "node_modules/turbo-linux-arm64": {
      "version": "2.0.11",
      "resolved": "https://registry.npmjs.org/turbo-linux-arm64/-/turbo-linux-arm64-2.0.11.tgz",
      "integrity": "sha512-wLE5tl4oriTmHbuayc0ki0csaCplmVLj+uCWtecM/mfBuZgNS9ICNM9c4sB+Cfl5tlBBFeepqRNgvRvn8WeVZg==",
      "cpu": [
        "arm64"
      ],
      "dev": true,
      "license": "MIT",
      "optional": true,
      "os": [
        "linux"
      ]
    },
    "node_modules/turbo-windows-64": {
      "version": "2.0.11",
      "resolved": "https://registry.npmjs.org/turbo-windows-64/-/turbo-windows-64-2.0.11.tgz",
      "integrity": "sha512-tja3zvVCSWu3HizOoeQv0qDJ+GeWGWRFOOM6a8i3BYnXLgGKAaDZFcjwzgC50tWiAw4aowIVR4OouwIyRhLBaQ==",
      "cpu": [
        "x64"
      ],
      "dev": true,
      "license": "MIT",
      "optional": true,
      "os": [
        "win32"
      ]
    },
    "node_modules/turbo-windows-arm64": {
      "version": "2.0.11",
      "resolved": "https://registry.npmjs.org/turbo-windows-arm64/-/turbo-windows-arm64-2.0.11.tgz",
      "integrity": "sha512-sYjXP6k94Bqh99R+y3M1Ks6LRIEZybMz+7enA8GKl6JJ2ZFaXxTnS6q+/2+ii1+rRwxohj5OBb4gxODcF8Jd4w==",
      "cpu": [
        "arm64"
      ],
      "dev": true,
      "license": "MIT",
      "optional": true,
      "os": [
        "win32"
      ]
    }
  }
}
